
Microsoft Visual Studio Solution File, Format Version 12.00
# Visual Studio Version 17
VisualStudioVersion = 17.14.36401.2
MinimumVisualStudioVersion = 10.0.40219.1
Project("{FAE04EC0-301F-11D3-BF4B-00C04F79EFBC}") = "SplitTable", "SplitTable.csproj", "{207D80AF-C859-4064-B026-8E0B9914F001}"
EndProject
Global
	GlobalSection(SolutionConfigurationPlatforms) = preSolution
		Debug|Any CPU = Debug|Any CPU
		Release|Any CPU = Release|Any CPU
	EndGlobalSection
	GlobalSection(ProjectConfigurationPlatforms) = postSolution
		{207D80AF-C859-4064-B026-8E0B9914F001}.Debug|Any CPU.ActiveCfg = Debug|Any CPU
		{207D80AF-C859-4064-B026-8E0B9914F001}.Debug|Any CPU.Build.0 = Debug|Any CPU
		{207D80AF-C859-4064-B026-8E0B9914F001}.Release|Any CPU.ActiveCfg = Release|Any CPU
		{207D80AF-C859-4064-B026-8E0B9914F001}.Release|Any CPU.Build.0 = Release|Any CPU
	EndGlobalSection
	GlobalSection(SolutionProperties) = preSolution
		HideSolutionNode = FALSE
	EndGlobalSection
	GlobalSection(ExtensibilityGlobals) = postSolution
		SolutionGuid = {40C1CBCF-E986-4311-AFF4-2B033B2FB0C5}
	EndGlobalSection
EndGlobal
